
Microsoft Visual Studio Solution File, Format Version 12.00
# Visual Studio Version 17
VisualStudioVersion = 17.6.33829.357
MinimumVisualStudioVersion = 10.0.40219.1
Project("{9A19103F-16F7-4668-BE54-9A1E7A4F7556}") = "Context.ContextProvider.Abstraction", "Context.ContextProvider.Abstraction\Context.ContextProvider.Abstraction.csproj", "{ACF37DF9-12A0-4A2A-8BFE-CDCA06A14DD8}"
EndProject
Project("{9A19103F-16F7-4668-BE54-9A1E7A4F7556}") = "Context.ContextProvider.Request", "Context.ContextProvider.Request\Context.ContextProvider.Request.csproj", "{6C2230B7-1F6B-448A-9E44-20D7712D24CC}"
EndProject
Project("{9A19103F-16F7-4668-BE54-9A1E7A4F7556}") = "Context.ContextProvider.Thread", "Context.ContextProvider.Thread\Context.ContextProvider.Thread.csproj", "{DDA02F24-ACAD-4AC5-963D-43149FB5E20F}"
EndProject
Project("{9A19103F-16F7-4668-BE54-9A1E7A4F7556}") = "Context.ConsoleAppWithContext", "Context.ConsoleAppWithContext\Context.ConsoleAppWithContext.csproj", "{BD9803EC-F3F5-4F9D-8AA7-532A973CED08}"
EndProject
Project("{2150E333-8FDC-42A3-9474-1A3956D46DE8}") = "Solution Items", "Solution Items", "{7C4B10DE-D842-4235-8537-69E6E6FF0C22}"
	ProjectSection(SolutionItems) = preProject
		.editorconfig = .editorconfig
	EndProjectSection
EndProject
Global
	GlobalSection(SolutionConfigurationPlatforms) = preSolution
		Async Local|Any CPU = Async Local|Any CPU
		Thread Local|Any CPU = Thread Local|Any CPU
	EndGlobalSection
	GlobalSection(ProjectConfigurationPlatforms) = postSolution
		{ACF37DF9-12A0-4A2A-8BFE-CDCA06A14DD8}.Async Local|Any CPU.ActiveCfg = Async Local|Any CPU
		{ACF37DF9-12A0-4A2A-8BFE-CDCA06A14DD8}.Async Local|Any CPU.Build.0 = Async Local|Any CPU
		{ACF37DF9-12A0-4A2A-8BFE-CDCA06A14DD8}.Thread Local|Any CPU.ActiveCfg = Thread Local|Any CPU
		{ACF37DF9-12A0-4A2A-8BFE-CDCA06A14DD8}.Thread Local|Any CPU.Build.0 = Thread Local|Any CPU
		{6C2230B7-1F6B-448A-9E44-20D7712D24CC}.Async Local|Any CPU.ActiveCfg = Async Local|Any CPU
		{6C2230B7-1F6B-448A-9E44-20D7712D24CC}.Async Local|Any CPU.Build.0 = Async Local|Any CPU
		{6C2230B7-1F6B-448A-9E44-20D7712D24CC}.Thread Local|Any CPU.ActiveCfg = Thread Local|Any CPU
		{6C2230B7-1F6B-448A-9E44-20D7712D24CC}.Thread Local|Any CPU.Build.0 = Thread Local|Any CPU
		{DDA02F24-ACAD-4AC5-963D-43149FB5E20F}.Async Local|Any CPU.ActiveCfg = Async Local|Any CPU
		{DDA02F24-ACAD-4AC5-963D-43149FB5E20F}.Async Local|Any CPU.Build.0 = Async Local|Any CPU
		{DDA02F24-ACAD-4AC5-963D-43149FB5E20F}.Thread Local|Any CPU.ActiveCfg = Thread Local|Any CPU
		{DDA02F24-ACAD-4AC5-963D-43149FB5E20F}.Thread Local|Any CPU.Build.0 = Thread Local|Any CPU
		{BD9803EC-F3F5-4F9D-8AA7-532A973CED08}.Async Local|Any CPU.ActiveCfg = Async Local|Any CPU
		{BD9803EC-F3F5-4F9D-8AA7-532A973CED08}.Async Local|Any CPU.Build.0 = Async Local|Any CPU
		{BD9803EC-F3F5-4F9D-8AA7-532A973CED08}.Thread Local|Any CPU.ActiveCfg = Thread Local|Any CPU
		{BD9803EC-F3F5-4F9D-8AA7-532A973CED08}.Thread Local|Any CPU.Build.0 = Thread Local|Any CPU
	EndGlobalSection
	GlobalSection(SolutionProperties) = preSolution
		HideSolutionNode = FALSE
	EndGlobalSection
	GlobalSection(ExtensibilityGlobals) = postSolution
		SolutionGuid = {AA7AF15E-9FCA-4824-9A7D-4203DBAA619D}
	EndGlobalSection
EndGlobal
